{
  "version": 4,
  "terraform_version": "1.2.4",
  "serial": 19,
  "lineage": "1022a51b-2aba-d23a-3d91-39d2785a3c94",
  "outputs": {
    "output_name": {
      "value": "abhishek shukla",
      "type": "string"
    }
  },
  "resources": [
    {
      "mode": "managed",
      "type": "local_file",
      "name": "myfile",
      "provider": "provider[\"registry.terraform.io/hashicorp/local\"]",
      "instances": [
        {
          "schema_version": 0,
          "attributes": {
            "content": "welcome to abhishek file",
            "content_base64": null,
            "directory_permission": "0777",
            "file_permission": "0777",
            "filename": "local.txt",
            "id": "7f580ba612971209ca48523db3fa4d222aa9bc6f",
            "sensitive_content": null,
            "source": null
          },
          "sensitive_attributes": [],
          "private": "bnVsbA=="
        }
      ]
    },
    {
      "mode": "managed",
      "type": "local_file",
      "name": "myfile1",
      "provider": "provider[\"registry.terraform.io/hashicorp/local\"]",
      "instances": [
        {
          "schema_version": 0,
          "attributes": {
            "content": "019ceaa6ebe6c97ac4ba",
            "content_base64": null,
            "directory_permission": "0777",
            "file_permission": "0777",
            "filename": "random_id.txt",
            "id": "86f05c05363fa70d3f06caaac2211065d2d467b2",
            "sensitive_content": null,
            "source": null
          },
          "sensitive_attributes": [],
          "private": "bnVsbA==",
          "dependencies": [
            "random_id.content"
          ]
        }
      ]
    },
    {
      "mode": "managed",
      "type": "local_file",
      "name": "myfile2",
      "provider": "provider[\"registry.terraform.io/hashicorp/local\"]",
      "instances": [
        {
          "schema_version": 0,
          "attributes": {
            "content": "12345678",
            "content_base64": null,
            "directory_permission": "0777",
            "file_permission": "0777",
            "filename": "number.txt",
            "id": "7c222fb2927d828af22f592134e8932480637c0d",
            "sensitive_content": null,
            "source": null
          },
          "sensitive_attributes": [],
          "private": "bnVsbA=="
        }
      ]
    },
    {
      "mode": "managed",
      "type": "local_file",
      "name": "myfile3",
      "provider": "provider[\"registry.terraform.io/hashicorp/local\"]",
      "instances": [
        {
          "schema_version": 0,
          "attributes": {
            "content": "hey i am creating a string",
            "content_base64": null,
            "directory_permission": "0777",
            "file_permission": "0777",
            "filename": "String.txt",
            "id": "2d901a758665981e75456e96ca33f56b6a99af8a",
            "sensitive_content": null,
            "source": null
          },
          "sensitive_attributes": [],
          "private": "bnVsbA=="
        }
      ]
    },
    {
      "mode": "managed",
      "type": "local_file",
      "name": "myfile4",
      "provider": "provider[\"registry.terraform.io/hashicorp/local\"]",
      "instances": [
        {
          "schema_version": 0,
          "attributes": {
            "content": "6897",
            "content_base64": null,
            "directory_permission": "0777",
            "file_permission": "0777",
            "filename": "list.txt",
            "id": "1b894808c101a36defbbae9214817c3256267127",
            "sensitive_content": null,
            "source": null
          },
          "sensitive_attributes": [],
          "private": "bnVsbA=="
        }
      ]
    },
    {
      "mode": "managed",
      "type": "local_file",
      "name": "myfile5",
      "provider": "provider[\"registry.terraform.io/hashicorp/local\"]",
      "instances": [
        {
          "schema_version": 0,
          "attributes": {
            "content": "my content",
            "content_base64": null,
            "directory_permission": "0777",
            "file_permission": "0777",
            "filename": "map.txt",
            "id": "c6953b28c09e7b6ec0ed48295ac9737506b8b92d",
            "sensitive_content": null,
            "source": null
          },
          "sensitive_attributes": [],
          "private": "bnVsbA=="
        }
      ]
    },
    {
      "mode": "managed",
      "type": "local_file",
      "name": "myfile6",
      "provider": "provider[\"registry.terraform.io/hashicorp/local\"]",
      "instances": [
        {
          "schema_version": 0,
          "attributes": {
            "content": "1999",
            "content_base64": null,
            "directory_permission": "0777",
            "file_permission": "0777",
            "filename": "object.txt",
            "id": "fbc7843acd866f53f17a92b81b4f1d95ad543b38",
            "sensitive_content": null,
            "source": null
          },
          "sensitive_attributes": [],
          "private": "bnVsbA=="
        }
      ]
    },
    {
      "mode": "managed",
      "type": "local_file",
      "name": "myfile7",
      "provider": "provider[\"registry.terraform.io/hashicorp/local\"]",
      "instances": [
        {
          "schema_version": 0,
          "attributes": {
            "content": "abhishek shukla",
            "content_base64": null,
            "directory_permission": "0777",
            "file_permission": "0777",
            "filename": "output.txt",
            "id": "7f49361d558fe7cd9218306555c6add59d351334",
            "sensitive_content": null,
            "source": null
          },
          "sensitive_attributes": [],
          "private": "bnVsbA=="
        }
      ]
    },
    {
      "mode": "managed",
      "type": "local_file",
      "name": "tfvars",
      "provider": "provider[\"registry.terraform.io/hashicorp/local\"]",
      "instances": [
        {
          "schema_version": 0,
          "attributes": {
            "content": "abhishek shukla",
            "content_base64": null,
            "directory_permission": "0777",
            "file_permission": "0777",
            "filename": "output.txt",
            "id": "7f49361d558fe7cd9218306555c6add59d351334",
            "sensitive_content": null,
            "source": null
          },
          "sensitive_attributes": [],
          "private": "bnVsbA=="
        }
      ]
    },
    {
      "mode": "managed",
      "type": "random_id",
      "name": "content",
      "provider": "provider[\"registry.terraform.io/hashicorp/random\"]",
      "instances": [
        {
          "schema_version": 0,
          "attributes": {
            "b64_std": "AZzqpuvmyXrEug==",
            "b64_url": "AZzqpuvmyXrEug",
            "byte_length": 10,
            "dec": "7616967019595799643322",
            "hex": "019ceaa6ebe6c97ac4ba",
            "id": "AZzqpuvmyXrEug",
            "keepers": null,
            "prefix": null
          },
          "sensitive_attributes": [],
          "private": "bnVsbA=="
        }
      ]
    }
  ]
}
